{
  "pins" : [
    {
      "identity" : "swift-rs",
      "kind" : "remoteSourceControl",
      "location" : "https://github.com/Brendonovich/swift-rs.git",
      "state" : {
        "revision" : "e47a9e8186f6e25be6fae40d3cc3c272abea63a2",
        "version" : "0.3.0"
      }
    }
  ],
  "version" : 2
}
